
Microsoft Visual Studio Solution File, Format Version 12.00
# Visual Studio Version 17
VisualStudioVersion = 17.8.34330.188
MinimumVisualStudioVersion = 10.0.40219.1
Project("{9A19103F-16F7-4668-BE54-9A1E7A4F7556}") = "CampaignManagement", "CampaignManagement.csproj", "{A33FFF2A-F3C1-4018-92C6-B7F63F57A2EB}"
EndProject
Project("{2150E333-8FDC-42A3-9474-1A3956D46DE8}") = "Solution Items", "Solution Items", "{85BED365-68D4-4D04-9FA7-ABBB5DC920A8}"
	ProjectSection(SolutionItems) = preProject
		azure-pipelines-arun.yml = azure-pipelines-arun.yml
	EndProjectSection
EndProject
Global
	GlobalSection(SolutionConfigurationPlatforms) = preSolution
		Debug|Any CPU = Debug|Any CPU
		Release|Any CPU = Release|Any CPU
	EndGlobalSection
	GlobalSection(ProjectConfigurationPlatforms) = postSolution
		{A33FFF2A-F3C1-4018-92C6-B7F63F57A2EB}.Debug|Any CPU.ActiveCfg = Debug|Any CPU
		{A33FFF2A-F3C1-4018-92C6-B7F63F57A2EB}.Debug|Any CPU.Build.0 = Debug|Any CPU
		{A33FFF2A-F3C1-4018-92C6-B7F63F57A2EB}.Release|Any CPU.ActiveCfg = Release|Any CPU
		{A33FFF2A-F3C1-4018-92C6-B7F63F57A2EB}.Release|Any CPU.Build.0 = Release|Any CPU
	EndGlobalSection
	GlobalSection(SolutionProperties) = preSolution
		HideSolutionNode = FALSE
	EndGlobalSection
	GlobalSection(ExtensibilityGlobals) = postSolution
		SolutionGuid = {7C0794E4-D6B5-4422-A4B6-62B762E72E6E}
	EndGlobalSection
EndGlobal
